// !$*UTF8*$!
{
	archiveVersion = 1;
	classes = {
	};
	objectVersion = 48;
	objects = {

/* Begin PBXBuildFile section */
		3AB71EDDBBBB876A189947D0 /* Pods_Project.framework in Frameworks */ = {isa = PBXBuildFile; fileRef = 06B004C781A4DE0C9E045199 /* Pods_Project.framework */; };
		830E7FC520853FE00091FB77 /* TableDataViewController.swift in Sources */ = {isa = PBXBuildFile; fileRef = 830E7FC420853FE00091FB77 /* TableDataViewController.swift */; };
		830E7FC9208593DD0091FB77 /* credentials.plist in Resources */ = {isa = PBXBuildFile; fileRef = 830E7FC8208593DD0091FB77 /* credentials.plist */; };
		832A766F209CB34B009D8815 /* Video.swift in Sources */ = {isa = PBXBuildFile; fileRef = 832A766E209CB34B009D8815 /* Video.swift */; };
		832A7671209CF792009D8815 /* VideoModel.swift in Sources */ = {isa = PBXBuildFile; fileRef = 832A7670209CF792009D8815 /* VideoModel.swift */; };
		833E032F20843EFB00381872 /* AppDelegate.swift in Sources */ = {isa = PBXBuildFile; fileRef = 833E032E20843EFB00381872 /* AppDelegate.swift */; };
		833E033120843EFC00381872 /* ViewController.swift in Sources */ = {isa = PBXBuildFile; fileRef = 833E033020843EFC00381872 /* ViewController.swift */; };
		833E033420843EFC00381872 /* Main.storyboard in Resources */ = {isa = PBXBuildFile; fileRef = 833E033220843EFC00381872 /* Main.storyboard */; };
		833E033620843EFC00381872 /* Assets.xcassets in Resources */ = {isa = PBXBuildFile; fileRef = 833E033520843EFC00381872 /* Assets.xcassets */; };
		833E033920843EFC00381872 /* LaunchScreen.storyboard in Resources */ = {isa = PBXBuildFile; fileRef = 833E033720843EFC00381872 /* LaunchScreen.storyboard */; };
		833E034420843EFC00381872 /* ProjectTests.swift in Sources */ = {isa = PBXBuildFile; fileRef = 833E034320843EFC00381872 /* ProjectTests.swift */; };
		8367A1CC209AB40800D0EC4F /* VideoViewController.swift in Sources */ = {isa = PBXBuildFile; fileRef = 8367A1CB209AB40800D0EC4F /* VideoViewController.swift */; };
		EA1366B7379DA0CF3BE91DF8 /* Pods_ProjectTests.framework in Frameworks */ = {isa = PBXBuildFile; fileRef = A1D980D35CB70E12CC49B591 /* Pods_ProjectTests.framework */; };
/* End PBXBuildFile section */

/* Begin PBXContainerItemProxy section */
		833E034020843EFC00381872 /* PBXContainerItemProxy */ = {
			isa = PBXContainerItemProxy;
			containerPortal = 833E032320843EFB00381872 /* Project object */;
			proxyType = 1;
			remoteGlobalIDString = 833E032A20843EFB00381872;
			remoteInfo = Project;
		};
/* End PBXContainerItemProxy section */

/* Begin PBXFileReference section */
		06B004C781A4DE0C9E045199 /* Pods_Project.framework */ = {isa = PBXFileReference; explicitFileType = wrapper.framework; includeInIndex = 0; path = Pods_Project.framework; sourceTree = BUILT_PRODUCTS_DIR; };
		2890F6E72ED7389B3116C7B1 /* Pods-ProjectTests.release.xcconfig */ = {isa = PBXFileReference; includeInIndex = 1; lastKnownFileType = text.xcconfig; name = "Pods-ProjectTests.release.xcconfig"; path = "Pods/Target Support Files/Pods-ProjectTests/Pods-ProjectTests.release.xcconfig"; sourceTree = "<group>"; };
		5ACC20830D49C78DAF6EA7F3 /* Pods-Project.debug.xcconfig */ = {isa = PBXFileReference; includeInIndex = 1; lastKnownFileType = text.xcconfig; name = "Pods-Project.debug.xcconfig"; path = "Pods/Target Support Files/Pods-Project/Pods-Project.debug.xcconfig"; sourceTree = "<group>"; };
		6E0B73A130C7734E1C4562F9 /* Pods-Project.release.xcconfig */ = {isa = PBXFileReference; includeInIndex = 1; lastKnownFileType = text.xcconfig; name = "Pods-Project.release.xcconfig"; path = "Pods/Target Support Files/Pods-Project/Pods-Project.release.xcconfig"; sourceTree = "<group>"; };
		830E7FC420853FE00091FB77 /* TableDataViewController.swift */ = {isa = PBXFileReference; lastKnownFileType = sourcecode.swift; path = TableDataViewController.swift; sourceTree = "<group>"; };
		830E7FC8208593DD0091FB77 /* credentials.plist */ = {isa = PBXFileReference; fileEncoding = 4; lastKnownFileType = text.plist.xml; path = credentials.plist; sourceTree = "<group>"; };
		832A766E209CB34B009D8815 /* Video.swift */ = {isa = PBXFileReference; lastKnownFileType = sourcecode.swift; path = Video.swift; sourceTree = "<group>"; };
		832A7670209CF792009D8815 /* VideoModel.swift */ = {isa = PBXFileReference; lastKnownFileType = sourcecode.swift; path = VideoModel.swift; sourceTree = "<group>"; };
		833E032B20843EFB00381872 /* Project.app */ = {isa = PBXFileReference; explicitFileType = wrapper.application; includeInIndex = 0; path = Project.app; sourceTree = BUILT_PRODUCTS_DIR; };
		833E032E20843EFB00381872 /* AppDelegate.swift */ = {isa = PBXFileReference; lastKnownFileType = sourcecode.swift; path = AppDelegate.swift; sourceTree = "<group>"; };
		833E033020843EFC00381872 /* ViewController.swift */ = {isa = PBXFileReference; lastKnownFileType = sourcecode.swift; path = ViewController.swift; sourceTree = "<group>"; };
		833E033320843EFC00381872 /* Base */ = {isa = PBXFileReference; lastKnownFileType = file.storyboard; name = Base; path = Base.lproj/Main.storyboard; sourceTree = "<group>"; };
		833E033520843EFC00381872 /* Assets.xcassets */ = {isa = PBXFileReference; lastKnownFileType = folder.assetcatalog; path = Assets.xcassets; sourceTree = "<group>"; };
		833E033820843EFC00381872 /* Base */ = {isa = PBXFileReference; lastKnownFileType = file.storyboard; name = Base; path = Base.lproj/LaunchScreen.storyboard; sourceTree = "<group>"; };
		833E033A20843EFC00381872 /* Info.plist */ = {isa = PBXFileReference; lastKnownFileType = text.plist.xml; path = Info.plist; sourceTree = "<group>"; };
		833E033F20843EFC00381872 /* ProjectTests.xctest */ = {isa = PBXFileReference; explicitFileType = wrapper.cfbundle; includeInIndex = 0; path = ProjectTests.xctest; sourceTree = BUILT_PRODUCTS_DIR; };
		833E034320843EFC00381872 /* ProjectTests.swift */ = {isa = PBXFileReference; lastKnownFileType = sourcecode.swift; path = ProjectTests.swift; sourceTree = "<group>"; };
		833E034520843EFC00381872 /* Info.plist */ = {isa = PBXFileReference; lastKnownFileType = text.plist.xml; path = Info.plist; sourceTree = "<group>"; };
		8367A1CB209AB40800D0EC4F /* VideoViewController.swift */ = {isa = PBXFileReference; lastKnownFileType = sourcecode.swift; path = VideoViewController.swift; sourceTree = "<group>"; };
		838508612084556800936F23 /* Project-Bridging-Header.h */ = {isa = PBXFileReference; lastKnownFileType = sourcecode.c.h; path = "Project-Bridging-Header.h"; sourceTree = "<group>"; };
		989892E716BA749ACBE3B134 /* Pods-ProjectTests.debug.xcconfig */ = {isa = PBXFileReference; includeInIndex = 1; lastKnownFileType = text.xcconfig; name = "Pods-ProjectTests.debug.xcconfig"; path = "Pods/Target Support Files/Pods-ProjectTests/Pods-ProjectTests.debug.xcconfig"; sourceTree = "<group>"; };
		A1D980D35CB70E12CC49B591 /* Pods_ProjectTests.framework */ = {isa = PBXFileReference; explicitFileType = wrapper.framework; includeInIndex = 0; path = Pods_ProjectTests.framework; sourceTree = BUILT_PRODUCTS_DIR; };
/* End PBXFileReference section */

/* Begin PBXFrameworksBuildPhase section */
		833E032820843EFB00381872 /* Frameworks */ = {
			isa = PBXFrameworksBuildPhase;
			buildActionMask = 2147483647;
			files = (
				3AB71EDDBBBB876A189947D0 /* Pods_Project.framework in Frameworks */,
			);
			runOnlyForDeploymentPostprocessing = 0;
		};
		833E033C20843EFC00381872 /* Frameworks */ = {
			isa = PBXFrameworksBuildPhase;
			buildActionMask = 2147483647;
			files = (
				EA1366B7379DA0CF3BE91DF8 /* Pods_ProjectTests.framework in Frameworks */,
			);
			runOnlyForDeploymentPostprocessing = 0;
		};
/* End PBXFrameworksBuildPhase section */

/* Begin PBXGroup section */
		6480CE028021B54B1612C486 /* Frameworks */ = {
			isa = PBXGroup;
			children = (
				06B004C781A4DE0C9E045199 /* Pods_Project.framework */,
				A1D980D35CB70E12CC49B591 /* Pods_ProjectTests.framework */,
			);
			name = Frameworks;
			sourceTree = "<group>";
		};
		833E032220843EFB00381872 = {
			isa = PBXGroup;
			children = (
				833E032D20843EFB00381872 /* Project */,
				833E034220843EFC00381872 /* ProjectTests */,
				833E032C20843EFB00381872 /* Products */,
				9E1C23385F7353EE1B0B1898 /* Pods */,
				6480CE028021B54B1612C486 /* Frameworks */,
			);
			sourceTree = "<group>";
		};
		833E032C20843EFB00381872 /* Products */ = {
			isa = PBXGroup;
			children = (
				833E032B20843EFB00381872 /* Project.app */,
				833E033F20843EFC00381872 /* ProjectTests.xctest */,
			);
			name = Products;
			sourceTree = "<group>";
		};
		833E032D20843EFB00381872 /* Project */ = {
			isa = PBXGroup;
			children = (
				830E7FC8208593DD0091FB77 /* credentials.plist */,
				833E032E20843EFB00381872 /* AppDelegate.swift */,
				833E033020843EFC00381872 /* ViewController.swift */,
				830E7FC420853FE00091FB77 /* TableDataViewController.swift */,
				8367A1CB209AB40800D0EC4F /* VideoViewController.swift */,
				832A766E209CB34B009D8815 /* Video.swift */,
				832A7670209CF792009D8815 /* VideoModel.swift */,
				833E033220843EFC00381872 /* Main.storyboard */,
				833E033520843EFC00381872 /* Assets.xcassets */,
				833E033720843EFC00381872 /* LaunchScreen.storyboard */,
				833E033A20843EFC00381872 /* Info.plist */,
				838508612084556800936F23 /* Project-Bridging-Header.h */,
			);
			path = Project;
			sourceTree = "<group>";
		};
		833E034220843EFC00381872 /* ProjectTests */ = {
			isa = PBXGroup;
			children = (
				833E034320843EFC00381872 /* ProjectTests.swift */,
				833E034520843EFC00381872 /* Info.plist */,
			);
			path = ProjectTests;
			sourceTree = "<group>";
		};
		9E1C23385F7353EE1B0B1898 /* Pods */ = {
			isa = PBXGroup;
			children = (
				5ACC20830D49C78DAF6EA7F3 /* Pods-Project.debug.xcconfig */,
				6E0B73A130C7734E1C4562F9 /* Pods-Project.release.xcconfig */,
				989892E716BA749ACBE3B134 /* Pods-ProjectTests.debug.xcconfig */,
				2890F6E72ED7389B3116C7B1 /* Pods-ProjectTests.release.xcconfig */,
			);
			name = Pods;
			sourceTree = "<group>";
		};
/* End PBXGroup section */

/* Begin PBXNativeTarget section */
		833E032A20843EFB00381872 /* Project */ = {
			isa = PBXNativeTarget;
			buildConfigurationList = 833E034820843EFC00381872 /* Build configuration list for PBXNativeTarget "Project" */;
			buildPhases = (
				3AE1CBE2D8D1A5AEE321A648 /* [CP] Check Pods Manifest.lock */,
				833E032720843EFB00381872 /* Sources */,
				833E032820843EFB00381872 /* Frameworks */,
				833E032920843EFB00381872 /* Resources */,
				A3E2971B48994C9E71DDBF9A /* [CP] Embed Pods Frameworks */,
				7A4D9641527D75494B04FA77 /* [CP] Copy Pods Resources */,
			);
			buildRules = (
			);
			dependencies = (
			);
			name = Project;
			productName = Project;
			productReference = 833E032B20843EFB00381872 /* Project.app */;
			productType = "com.apple.product-type.application";
		};
		833E033E20843EFC00381872 /* ProjectTests */ = {
			isa = PBXNativeTarget;
			buildConfigurationList = 833E034B20843EFC00381872 /* Build configuration list for PBXNativeTarget "ProjectTests" */;
			buildPhases = (
				3182EC09F6E582D17278ED42 /* [CP] Check Pods Manifest.lock */,
				833E033B20843EFC00381872 /* Sources */,
				833E033C20843EFC00381872 /* Frameworks */,
				833E033D20843EFC00381872 /* Resources */,
			);
			buildRules = (
			);
			dependencies = (
				833E034120843EFC00381872 /* PBXTargetDependency */,
			);
			name = ProjectTests;
			productName = ProjectTests;
			productReference = 833E033F20843EFC00381872 /* ProjectTests.xctest */;
			productType = "com.apple.product-type.bundle.unit-test";
		};
/* End PBXNativeTarget section */

/* Begin PBXProject section */
		833E032320843EFB00381872 /* Project object */ = {
			isa = PBXProject;
			attributes = {
				LastSwiftUpdateCheck = 0920;
				LastUpgradeCheck = 0920;
				ORGANIZATIONNAME = "Meher Jyoti Singh";
				TargetAttributes = {
					833E032A20843EFB00381872 = {
						CreatedOnToolsVersion = 9.2;
						LastSwiftMigration = 0920;
						ProvisioningStyle = Automatic;
					};
					833E033E20843EFC00381872 = {
						CreatedOnToolsVersion = 9.2;
						ProvisioningStyle = Automatic;
						TestTargetID = 833E032A20843EFB00381872;
					};
				};
			};
			buildConfigurationList = 833E032620843EFB00381872 /* Build configuration list for PBXProject "Project" */;
			compatibilityVersion = "Xcode 8.0";
			developmentRegion = en;
			hasScannedForEncodings = 0;
			knownRegions = (
				en,
				Base,
			);
			mainGroup = 833E032220843EFB00381872;
			productRefGroup = 833E032C20843EFB00381872 /* Products */;
			projectDirPath = "";
			projectRoot = "";
			targets = (
				833E032A20843EFB00381872 /* Project */,
				833E033E20843EFC00381872 /* ProjectTests */,
			);
		};
/* End PBXProject section */

/* Begin PBXResourcesBuildPhase section */
		833E032920843EFB00381872 /* Resources */ = {
			isa = PBXResourcesBuildPhase;
			buildActionMask = 2147483647;
			files = (
				833E033920843EFC00381872 /* LaunchScreen.storyboard in Resources */,
				830E7FC9208593DD0091FB77 /* credentials.plist in Resources */,
				833E033620843EFC00381872 /* Assets.xcassets in Resources */,
				833E033420843EFC00381872 /* Main.storyboard in Resources */,
			);
			runOnlyForDeploymentPostprocessing = 0;
		};
		833E033D20843EFC00381872 /* Resources */ = {
			isa = PBXResourcesBuildPhase;
			buildActionMask = 2147483647;
			files = (
			);
			runOnlyForDeploymentPostprocessing = 0;
		};
/* End PBXResourcesBuildPhase section */

/* Begin PBXShellScriptBuildPhase section */
		3182EC09F6E582D17278ED42 /* [CP] Check Pods Manifest.lock */ = {
			isa = PBXShellScriptBuildPhase;
			buildActionMask = 2147483647;
			files = (
			);
			inputPaths = (
				"${PODS_PODFILE_DIR_PATH}/Podfile.lock",
				"${PODS_ROOT}/Manifest.lock",
			);
			name = "[CP] Check Pods Manifest.lock";
			outputPaths = (
				"$(DERIVED_FILE_DIR)/Pods-ProjectTests-checkManifestLockResult.txt",
			);
			runOnlyForDeploymentPostprocessing = 0;
			shellPath = /bin/sh;
			shellScript = "diff \"${PODS_PODFILE_DIR_PATH}/Podfile.lock\" \"${PODS_ROOT}/Manifest.lock\" > /dev/null\nif [ $? != 0 ] ; then\n    # print error to STDERR\n    echo \"error: The sandbox is not in sync with the Podfile.lock. Run 'pod install' or update your CocoaPods installation.\" >&2\n    exit 1\nfi\n# This output is used by Xcode 'outputs' to avoid re-running this script phase.\necho \"SUCCESS\" > \"${SCRIPT_OUTPUT_FILE_0}\"\n";
			showEnvVarsInLog = 0;
		};
		3AE1CBE2D8D1A5AEE321A648 /* [CP] Check Pods Manifest.lock */ = {
			isa = PBXShellScriptBuildPhase;
			buildActionMask = 2147483647;
			files = (
			);
			inputPaths = (
				"${PODS_PODFILE_DIR_PATH}/Podfile.lock",
				"${PODS_ROOT}/Manifest.lock",
			);
			name = "[CP] Check Pods Manifest.lock";
			outputPaths = (
				"$(DERIVED_FILE_DIR)/Pods-Project-checkManifestLockResult.txt",
			);
			runOnlyForDeploymentPostprocessing = 0;
			shellPath = /bin/sh;
			shellScript = "diff \"${PODS_PODFILE_DIR_PATH}/Podfile.lock\" \"${PODS_ROOT}/Manifest.lock\" > /dev/null\nif [ $? != 0 ] ; then\n    # print error to STDERR\n    echo \"error: The sandbox is not in sync with the Podfile.lock. Run 'pod install' or update your CocoaPods installation.\" >&2\n    exit 1\nfi\n# This output is used by Xcode 'outputs' to avoid re-running this script phase.\necho \"SUCCESS\" > \"${SCRIPT_OUTPUT_FILE_0}\"\n";
			showEnvVarsInLog = 0;
		};
		7A4D9641527D75494B04FA77 /* [CP] Copy Pods Resources */ = {
			isa = PBXShellScriptBuildPhase;
			buildActionMask = 2147483647;
			files = (
			);
			inputPaths = (
				"${SRCROOT}/Pods/Target Support Files/Pods-Project/Pods-Project-resources.sh",
				"${PODS_ROOT}/GoogleSignIn/Resources/GoogleSignIn.bundle",
			);
			name = "[CP] Copy Pods Resources";
			outputPaths = (
				"${TARGET_BUILD_DIR}/${UNLOCALIZED_RESOURCES_FOLDER_PATH}/GoogleSignIn.bundle",
			);
			runOnlyForDeploymentPostprocessing = 0;
			shellPath = /bin/sh;
			shellScript = "\"${SRCROOT}/Pods/Target Support Files/Pods-Project/Pods-Project-resources.sh\"\n";
			showEnvVarsInLog = 0;
		};
		A3E2971B48994C9E71DDBF9A /* [CP] Embed Pods Frameworks */ = {
			isa = PBXShellScriptBuildPhase;
			buildActionMask = 2147483647;
			files = (
			);
			inputPaths = (
				"${SRCROOT}/Pods/Target Support Files/Pods-Project/Pods-Project-frameworks.sh",
				"${BUILT_PRODUCTS_DIR}/Alamofire/Alamofire.framework",
				"${BUILT_PRODUCTS_DIR}/GTMOAuth2/GTMOAuth2.framework",
				"${BUILT_PRODUCTS_DIR}/GTMSessionFetcher/GTMSessionFetcher.framework",
				"${BUILT_PRODUCTS_DIR}/GoogleToolboxForMac/GoogleToolboxForMac.framework",
			);
			name = "[CP] Embed Pods Frameworks";
			outputPaths = (
				"${TARGET_BUILD_DIR}/${FRAMEWORKS_FOLDER_PATH}/Alamofire.framework",
				"${TARGET_BUILD_DIR}/${FRAMEWORKS_FOLDER_PATH}/GTMOAuth2.framework",
				"${TARGET_BUILD_DIR}/${FRAMEWORKS_FOLDER_PATH}/GTMSessionFetcher.framework",
				"${TARGET_BUILD_DIR}/${FRAMEWORKS_FOLDER_PATH}/GoogleToolboxForMac.framework",
			);
			runOnlyForDeploymentPostprocessing = 0;
			shellPath = /bin/sh;
			shellScript = "\"${SRCROOT}/Pods/Target Support Files/Pods-Project/Pods-Project-frameworks.sh\"\n";
			showEnvVarsInLog = 0;
		};
/* End PBXShellScriptBuildPhase section */

/* Begin PBXSourcesBuildPhase section */
		833E032720843EFB00381872 /* Sources */ = {
			isa = PBXSourcesBuildPhase;
			buildActionMask = 2147483647;
			files = (
				830E7FC520853FE00091FB77 /* TableDataViewController.swift in Sources */,
				832A7671209CF792009D8815 /* VideoModel.swift in Sources */,
				833E033120843EFC00381872 /* ViewController.swift in Sources */,
				8367A1CC209AB40800D0EC4F /* VideoViewController.swift in Sources */,
				833E032F20843EFB00381872 /* AppDelegate.swift in Sources */,
				832A766F209CB34B009D8815 /* Video.swift in Sources */,
			);
			runOnlyForDeploymentPostprocessing = 0;
		};
		833E033B20843EFC00381872 /* Sources */ = {
			isa = PBXSourcesBuildPhase;
			buildActionMask = 2147483647;
			files = (
				833E034420843EFC00381872 /* ProjectTests.swift in Sources */,
			);
			runOnlyForDeploymentPostprocessing = 0;
		};
/* End PBXSourcesBuildPhase section */

/* Begin PBXTargetDependency section */
		833E034120843EFC00381872 /* PBXTargetDependency */ = {
			isa = PBXTargetDependency;
			target = 833E032A20843EFB00381872 /* Project */;
			targetProxy = 833E034020843EFC00381872 /* PBXContainerItemProxy */;
		};
/* End PBXTargetDependency section */

/* Begin PBXVariantGroup section */
		833E033220843EFC00381872 /* Main.storyboard */ = {
			isa = PBXVariantGroup;
			children = (
				833E033320843EFC00381872 /* Base */,
			);
			name = Main.storyboard;
			sourceTree = "<group>";
		};
		833E033720843EFC00381872 /* LaunchScreen.storyboard */ = {
			isa = PBXVariantGroup;
			children = (
				833E033820843EFC00381872 /* Base */,
			);
			name = LaunchScreen.storyboard;
			sourceTree = "<group>";
		};
/* End PBXVariantGroup section */

/* Begin XCBuildConfiguration section */
		833E034620843EFC00381872 /* Debug */ = {
			isa = XCBuildConfiguration;
			buildSettings = {
				ALWAYS_SEARCH_USER_PATHS = NO;
				CLANG_ANALYZER_NONNULL = YES;
				CLANG_ANALYZER_NUMBER_OBJECT_CONVERSION = YES_AGGRESSIVE;
				CLANG_CXX_LANGUAGE_STANDARD = "gnu++14";
				CLANG_CXX_LIBRARY = "libc++";
				CLANG_ENABLE_MODULES = YES;
				CLANG_ENABLE_OBJC_ARC = YES;
				CLANG_WARN_BLOCK_CAPTURE_AUTORELEASING = YES;
				CLANG_WARN_BOOL_CONVERSION = YES;
				CLANG_WARN_COMMA = YES;
				CLANG_WARN_CONSTANT_CONVERSION = YES;
				CLANG_WARN_DIRECT_OBJC_ISA_USAGE = YES_ERROR;
				CLANG_WARN_DOCUMENTATION_COMMENTS = YES;
				CLANG_WARN_EMPTY_BODY = YES;
				CLANG_WARN_ENUM_CONVERSION = YES;
				CLANG_WARN_INFINITE_RECURSION = YES;
				CLANG_WARN_INT_CONVERSION = YES;
				CLANG_WARN_NON_LITERAL_NULL_CONVERSION = YES;
				CLANG_WARN_OBJC_LITERAL_CONVERSION = YES;
				CLANG_WARN_OBJC_ROOT_CLASS = YES_ERROR;
				CLANG_WARN_RANGE_LOOP_ANALYSIS = YES;
				CLANG_WARN_STRICT_PROTOTYPES = YES;
				CLANG_WARN_SUSPICIOUS_MOVE = YES;
				CLANG_WARN_UNGUARDED_AVAILABILITY = YES_AGGRESSIVE;
				CLANG_WARN_UNREACHABLE_CODE = YES;
				CLANG_WARN__DUPLICATE_METHOD_MATCH = YES;
				CODE_SIGN_IDENTITY = "iPhone Developer";
				COPY_PHASE_STRIP = NO;
				DEBUG_INFORMATION_FORMAT = dwarf;
				ENABLE_STRICT_OBJC_MSGSEND = YES;
				ENABLE_TESTABILITY = YES;
				GCC_C_LANGUAGE_STANDARD = gnu11;
				GCC_DYNAMIC_NO_PIC = NO;
				GCC_NO_COMMON_BLOCKS = YES;
				GCC_OPTIMIZATION_LEVEL = 0;
				GCC_PREPROCESSOR_DEFINITIONS = (
					"DEBUG=1",
					"$(inherited)",
				);
				GCC_WARN_64_TO_32_BIT_CONVERSION = YES;
				GCC_WARN_ABOUT_RETURN_TYPE = YES_ERROR;
				GCC_WARN_UNDECLARED_SELECTOR = YES;
				GCC_WARN_UNINITIALIZED_AUTOS = YES_AGGRESSIVE;
				GCC_WARN_UNUSED_FUNCTION = YES;
				GCC_WARN_UNUSED_VARIABLE = YES;
				IPHONEOS_DEPLOYMENT_TARGET = 11.2;
				MTL_ENABLE_DEBUG_INFO = YES;
				ONLY_ACTIVE_ARCH = YES;
				SDKROOT = iphoneos;
				SWIFT_ACTIVE_COMPILATION_CONDITIONS = DEBUG;
				SWIFT_OPTIMIZATION_LEVEL = "-Onone";
			};
			name = Debug;
		};
		833E034720843EFC00381872 /* Release */ = {
			isa = XCBuildConfiguration;
			buildSettings = {
				ALWAYS_SEARCH_USER_PATHS = NO;
				CLANG_ANALYZER_NONNULL = YES;
				CLANG_ANALYZER_NUMBER_OBJECT_CONVERSION = YES_AGGRESSIVE;
				CLANG_CXX_LANGUAGE_STANDARD = "gnu++14";
				CLANG_CXX_LIBRARY = "libc++";
				CLANG_ENABLE_MODULES = YES;
				CLANG_ENABLE_OBJC_ARC = YES;
				CLANG_WARN_BLOCK_CAPTURE_AUTORELEASING = YES;
				CLANG_WARN_BOOL_CONVERSION = YES;
				CLANG_WARN_COMMA = YES;
				CLANG_WARN_CONSTANT_CONVERSION = YES;
				CLANG_WARN_DIRECT_OBJC_ISA_USAGE = YES_ERROR;
				CLANG_WARN_DOCUMENTATION_COMMENTS = YES;
				CLANG_WARN_EMPTY_BODY = YES;
				CLANG_WARN_ENUM_CONVERSION = YES;
				CLANG_WARN_INFINITE_RECURSION = YES;
				CLANG_WARN_INT_CONVERSION = YES;
				CLANG_WARN_NON_LITERAL_NULL_CONVERSION = YES;
				CLANG_WARN_OBJC_LITERAL_CONVERSION = YES;
				CLANG_WARN_OBJC_ROOT_CLASS = YES_ERROR;
				CLANG_WARN_RANGE_LOOP_ANALYSIS = YES;
				CLANG_WARN_STRICT_PROTOTYPES = YES;
				CLANG_WARN_SUSPICIOUS_MOVE = YES;
				CLANG_WARN_UNGUARDED_AVAILABILITY = YES_AGGRESSIVE;
				CLANG_WARN_UNREACHABLE_CODE = YES;
				CLANG_WARN__DUPLICATE_METHOD_MATCH = YES;
				CODE_SIGN_IDENTITY = "iPhone Developer";
				COPY_PHASE_STRIP = NO;
				DEBUG_INFORMATION_FORMAT = "dwarf-with-dsym";
				ENABLE_NS_ASSERTIONS = NO;
				ENABLE_STRICT_OBJC_MSGSEND = YES;
				GCC_C_LANGUAGE_STANDARD = gnu11;
				GCC_NO_COMMON_BLOCKS = YES;
				GCC_WARN_64_TO_32_BIT_CONVERSION = YES;
				GCC_WARN_ABOUT_RETURN_TYPE = YES_ERROR;
				GCC_WARN_UNDECLARED_SELECTOR = YES;
				GCC_WARN_UNINITIALIZED_AUTOS = YES_AGGRESSIVE;
				GCC_WARN_UNUSED_FUNCTION = YES;
				GCC_WARN_UNUSED_VARIABLE = YES;
				IPHONEOS_DEPLOYMENT_TARGET = 11.2;
				MTL_ENABLE_DEBUG_INFO = NO;
				SDKROOT = iphoneos;
				SWIFT_OPTIMIZATION_LEVEL = "-Owholemodule";
				VALIDATE_PRODUCT = YES;
			};
			name = Release;
		};
		833E034920843EFC00381872 /* Debug */ = {
			isa = XCBuildConfiguration;
			baseConfigurationReference = 5ACC20830D49C78DAF6EA7F3 /* Pods-Project.debug.xcconfig */;
			buildSettings = {
				ASSETCATALOG_COMPILER_APPICON_NAME = AppIcon;
				CLANG_ENABLE_MODULES = YES;
				CODE_SIGN_STYLE = Automatic;
				INFOPLIST_FILE = Project/Info.plist;
				LD_RUNPATH_SEARCH_PATHS = "$(inherited) @executable_path/Frameworks";
				PRODUCT_BUNDLE_IDENTIFIER = com.example.Project;
				PRODUCT_NAME = "$(TARGET_NAME)";
				SWIFT_OBJC_BRIDGING_HEADER = "Project/Project-Bridging-Header.h";
				SWIFT_OPTIMIZATION_LEVEL = "-Onone";
				SWIFT_VERSION = 4.0;
				TARGETED_DEVICE_FAMILY = "1,2";
			};
			name = Debug;
		};
		833E034A20843EFC00381872 /* Release */ = {
			isa = XCBuildConfiguration;
			baseConfigurationReference = 6E0B73A130C7734E1C4562F9 /* Pods-Project.release.xcconfig */;
			buildSettings = {
				ASSETCATALOG_COMPILER_APPICON_NAME = AppIcon;
				CLANG_ENABLE_MODULES = YES;
				CODE_SIGN_STYLE = Automatic;
				INFOPLIST_FILE = Project/Info.plist;
				LD_RUNPATH_SEARCH_PATHS = "$(inherited) @executable_path/Frameworks";
				PRODUCT_BUNDLE_IDENTIFIER = com.example.Project;
				PRODUCT_NAME = "$(TARGET_NAME)";
				SWIFT_OBJC_BRIDGING_HEADER = "Project/Project-Bridging-Header.h";
				SWIFT_VERSION = 4.0;
				TARGETED_DEVICE_FAMILY = "1,2";
			};
			name = Release;
		};
		833E034C20843EFC00381872 /* Debug */ = {
			isa = XCBuildConfiguration;
			baseConfigurationReference = 989892E716BA749ACBE3B134 /* Pods-ProjectTests.debug.xcconfig */;
			buildSettings = {
				ALWAYS_EMBED_SWIFT_STANDARD_LIBRARIES = YES;
				BUNDLE_LOADER = "$(TEST_HOST)";
				CODE_SIGN_STYLE = Automatic;
				INFOPLIST_FILE = ProjectTests/Info.plist;
				LD_RUNPATH_SEARCH_PATHS = "$(inherited) @executable_path/Frameworks @loader_path/Frameworks";
				PRODUCT_BUNDLE_IDENTIFIER = com.example.ProjectTests;
				PRODUCT_NAME = "$(TARGET_NAME)";
				SWIFT_VERSION = 4.0;
				TARGETED_DEVICE_FAMILY = "1,2";
				TEST_HOST = "$(BUILT_PRODUCTS_DIR)/Project.app/Project";
			};
			name = Debug;
		};
		833E034D20843EFC00381872 /* Release */ = {
			isa = XCBuildConfiguration;
			baseConfigurationReference = 2890F6E72ED7389B3116C7B1 /* Pods-ProjectTests.release.xcconfig */;
			buildSettings = {
				ALWAYS_EMBED_SWIFT_STANDARD_LIBRARIES = YES;
				BUNDLE_LOADER = "$(TEST_HOST)";
				CODE_SIGN_STYLE = Automatic;
				INFOPLIST_FILE = ProjectTests/Info.plist;
				LD_RUNPATH_SEARCH_PATHS = "$(inherited) @executable_path/Frameworks @loader_path/Frameworks";
				PRODUCT_BUNDLE_IDENTIFIER = com.example.ProjectTests;
				PRODUCT_NAME = "$(TARGET_NAME)";
				SWIFT_VERSION = 4.0;
				TARGETED_DEVICE_FAMILY = "1,2";
				TEST_HOST = "$(BUILT_PRODUCTS_DIR)/Project.app/Project";
			};
			name = Release;
		};
/* End XCBuildConfiguration section */

/* Begin XCConfigurationList section */
		833E032620843EFB00381872 /* Build configuration list for PBXProject "Project" */ = {
			isa = XCConfigurationList;
			buildConfigurations = (
				833E034620843EFC00381872 /* Debug */,
				833E034720843EFC00381872 /* Release */,
			);
			defaultConfigurationIsVisible = 0;
			defaultConfigurationName = Release;
		};
		833E034820843EFC00381872 /* Build configuration list for PBXNativeTarget "Project" */ = {
			isa = XCConfigurationList;
			buildConfigurations = (
				833E034920843EFC00381872 /* Debug */,
				833E034A20843EFC00381872 /* Release */,
			);
			defaultConfigurationIsVisible = 0;
			defaultConfigurationName = Release;
		};
		833E034B20843EFC00381872 /* Build configuration list for PBXNativeTarget "ProjectTests" */ = {
			isa = XCConfigurationList;
			buildConfigurations = (
				833E034C20843EFC00381872 /* Debug */,
				833E034D20843EFC00381872 /* Release */,
			);
			defaultConfigurationIsVisible = 0;
			defaultConfigurationName = Release;
		};
/* End XCConfigurationList section */
	};
	rootObject = 833E032320843EFB00381872 /* Project object */;
}
